
Microsoft Visual Studio Solution File, Format Version 12.00
# Visual Studio Version 17
VisualStudioVersion = 17.2.32526.322
MinimumVisualStudioVersion = 10.0.40219.1
Project("{9A19103F-16F7-4668-BE54-9A1E7A4F7556}") = "Server", "Server\Server.csproj", "{0DB03FDB-DE75-49DF-9611-6EF1F4AEC208}"
EndProject
Project("{9A19103F-16F7-4668-BE54-9A1E7A4F7556}") = "Entities", "Entities\Entities.csproj", "{FDA51B91-F718-4222-9B4C-EB4012A316C5}"
EndProject
Project("{9A19103F-16F7-4668-BE54-9A1E7A4F7556}") = "Contracts", "Contracts\Contracts.csproj", "{EFE05521-A4B7-4E59-AA62-65256A414D69}"
EndProject
Project("{9A19103F-16F7-4668-BE54-9A1E7A4F7556}") = "Repository", "Repository\Repository.csproj", "{16799939-10A5-4D89-9CFC-D22981A669C4}"
EndProject
Project("{9A19103F-16F7-4668-BE54-9A1E7A4F7556}") = "RentOperations", "RentOperations\RentOperations.csproj", "{A3E4CBFF-71DC-49AA-8F4A-0C9712042B3F}"
EndProject
Project("{E53339B2-1760-4266-BCC7-CA923CBCF16C}") = "docker-compose", "docker-compose.dcproj", "{6B3E513D-3411-460A-9BC0-90EE6B595BF1}"
EndProject
Project("{9A19103F-16F7-4668-BE54-9A1E7A4F7556}") = "Server.Tests", "Server.Tests\Server.Tests.csproj", "{93C04A3B-DEAB-493F-A0B1-3187FD68D9B2}"
EndProject
Project("{FAE04EC0-301F-11D3-BF4B-00C04F79EFBC}") = "RentOperations.Tests", "RentOperations.Tests\RentOperations.Tests.csproj", "{94150C80-1DE8-46DD-BF0B-68CEE9121E79}"
EndProject
Global
	GlobalSection(SolutionConfigurationPlatforms) = preSolution
		Debug|Any CPU = Debug|Any CPU
		Release|Any CPU = Release|Any CPU
	EndGlobalSection
	GlobalSection(ProjectConfigurationPlatforms) = postSolution
		{0DB03FDB-DE75-49DF-9611-6EF1F4AEC208}.Debug|Any CPU.ActiveCfg = Debug|Any CPU
		{0DB03FDB-DE75-49DF-9611-6EF1F4AEC208}.Debug|Any CPU.Build.0 = Debug|Any CPU
		{0DB03FDB-DE75-49DF-9611-6EF1F4AEC208}.Release|Any CPU.ActiveCfg = Release|Any CPU
		{0DB03FDB-DE75-49DF-9611-6EF1F4AEC208}.Release|Any CPU.Build.0 = Release|Any CPU
		{FDA51B91-F718-4222-9B4C-EB4012A316C5}.Debug|Any CPU.ActiveCfg = Debug|Any CPU
		{FDA51B91-F718-4222-9B4C-EB4012A316C5}.Debug|Any CPU.Build.0 = Debug|Any CPU
		{FDA51B91-F718-4222-9B4C-EB4012A316C5}.Release|Any CPU.ActiveCfg = Release|Any CPU
		{FDA51B91-F718-4222-9B4C-EB4012A316C5}.Release|Any CPU.Build.0 = Release|Any CPU
		{EFE05521-A4B7-4E59-AA62-65256A414D69}.Debug|Any CPU.ActiveCfg = Debug|Any CPU
		{EFE05521-A4B7-4E59-AA62-65256A414D69}.Debug|Any CPU.Build.0 = Debug|Any CPU
		{EFE05521-A4B7-4E59-AA62-65256A414D69}.Release|Any CPU.ActiveCfg = Release|Any CPU
		{EFE05521-A4B7-4E59-AA62-65256A414D69}.Release|Any CPU.Build.0 = Release|Any CPU
		{16799939-10A5-4D89-9CFC-D22981A669C4}.Debug|Any CPU.ActiveCfg = Debug|Any CPU
		{16799939-10A5-4D89-9CFC-D22981A669C4}.Debug|Any CPU.Build.0 = Debug|Any CPU
		{16799939-10A5-4D89-9CFC-D22981A669C4}.Release|Any CPU.ActiveCfg = Release|Any CPU
		{16799939-10A5-4D89-9CFC-D22981A669C4}.Release|Any CPU.Build.0 = Release|Any CPU
		{A3E4CBFF-71DC-49AA-8F4A-0C9712042B3F}.Debug|Any CPU.ActiveCfg = Debug|Any CPU
		{A3E4CBFF-71DC-49AA-8F4A-0C9712042B3F}.Debug|Any CPU.Build.0 = Debug|Any CPU
		{A3E4CBFF-71DC-49AA-8F4A-0C9712042B3F}.Release|Any CPU.ActiveCfg = Release|Any CPU
		{A3E4CBFF-71DC-49AA-8F4A-0C9712042B3F}.Release|Any CPU.Build.0 = Release|Any CPU
		{6B3E513D-3411-460A-9BC0-90EE6B595BF1}.Debug|Any CPU.ActiveCfg = Debug|Any CPU
		{6B3E513D-3411-460A-9BC0-90EE6B595BF1}.Debug|Any CPU.Build.0 = Debug|Any CPU
		{6B3E513D-3411-460A-9BC0-90EE6B595BF1}.Release|Any CPU.ActiveCfg = Release|Any CPU
		{6B3E513D-3411-460A-9BC0-90EE6B595BF1}.Release|Any CPU.Build.0 = Release|Any CPU
		{93C04A3B-DEAB-493F-A0B1-3187FD68D9B2}.Debug|Any CPU.ActiveCfg = Debug|Any CPU
		{93C04A3B-DEAB-493F-A0B1-3187FD68D9B2}.Debug|Any CPU.Build.0 = Debug|Any CPU
		{93C04A3B-DEAB-493F-A0B1-3187FD68D9B2}.Release|Any CPU.ActiveCfg = Release|Any CPU
		{93C04A3B-DEAB-493F-A0B1-3187FD68D9B2}.Release|Any CPU.Build.0 = Release|Any CPU
		{94150C80-1DE8-46DD-BF0B-68CEE9121E79}.Debug|Any CPU.ActiveCfg = Debug|Any CPU
		{94150C80-1DE8-46DD-BF0B-68CEE9121E79}.Debug|Any CPU.Build.0 = Debug|Any CPU
		{94150C80-1DE8-46DD-BF0B-68CEE9121E79}.Release|Any CPU.ActiveCfg = Release|Any CPU
		{94150C80-1DE8-46DD-BF0B-68CEE9121E79}.Release|Any CPU.Build.0 = Release|Any CPU
	EndGlobalSection
	GlobalSection(SolutionProperties) = preSolution
		HideSolutionNode = FALSE
	EndGlobalSection
	GlobalSection(ExtensibilityGlobals) = postSolution
		SolutionGuid = {BB8D05E2-DC6D-4CF8-89A1-AC08AE03A869}
	EndGlobalSection
EndGlobal
